
Microsoft Visual Studio Solution File, Format Version 12.00
# Visual Studio Version 17
VisualStudioVersion = 17.0.31903.59
MinimumVisualStudioVersion = 10.0.40219.1
Project("{2150E333-8FDC-42A3-9474-1A3956D46DE8}") = "src", "src", "{827E0CD3-B72D-47B6-A68D-7590B98EB39B}"
EndProject
Project("{FAE04EC0-301F-11D3-BF4B-00C04F79EFBC}") = "AriaHR.API", "src\AriaHR.API\AriaHR.API.csproj", "{35FD5796-3D56-4802-8425-3813A7F75CD3}"
EndProject
Project("{2150E333-8FDC-42A3-9474-1A3956D46DE8}") = "Shared", "Shared", "{C8E42992-5E42-0C2B-DBFE-AA848D06431C}"
EndProject
Project("{FAE04EC0-301F-11D3-BF4B-00C04F79EFBC}") = "AriaHR.Shared", "src\Shared\AriaHR.Shared\AriaHR.Shared.csproj", "{49E6C4AD-3AA0-44D7-86B4-33AC49C40786}"
EndProject
Project("{2150E333-8FDC-42A3-9474-1A3956D46DE8}") = "Modules", "Modules", "{EC447DCF-ABFA-6E24-52A5-D7FD48A5C558}"
EndProject
Project("{2150E333-8FDC-42A3-9474-1A3956D46DE8}") = "Identity", "Identity", "{0EC62A1A-9858-3A60-8A0C-FC9AACFA2EC7}"
EndProject
Project("{FAE04EC0-301F-11D3-BF4B-00C04F79EFBC}") = "AriaHR.Modules.Identity.Domain", "src\Modules\Identity\Domain\AriaHR.Modules.Identity.Domain.csproj", "{22B12E49-9452-44E5-BBA8-B02226062D6A}"
EndProject
Project("{FAE04EC0-301F-11D3-BF4B-00C04F79EFBC}") = "AriaHR.Modules.Identity.Application", "src\Modules\Identity\Application\AriaHR.Modules.Identity.Application.csproj", "{628459A1-2870-48EB-8EA6-21E1020B06D5}"
EndProject
Project("{FAE04EC0-301F-11D3-BF4B-00C04F79EFBC}") = "AriaHR.Modules.Identity.Infrastructure", "src\Modules\Identity\Infrastructure\AriaHR.Modules.Identity.Infrastructure.csproj", "{0BD00D39-B006-4422-B777-A75E229E3C61}"
EndProject
Project("{FAE04EC0-301F-11D3-BF4B-00C04F79EFBC}") = "AriaHR.Modules.Identity.API", "src\Modules\Identity\API\AriaHR.Modules.Identity.API.csproj", "{877D0DDD-1CC2-4C3A-B00D-72C16D0B9141}"
EndProject
Project("{2150E333-8FDC-42A3-9474-1A3956D46DE8}") = "Organization", "Organization", "{DA0BA8AC-146F-3151-8AAB-4B1C3358FD7A}"
EndProject
Project("{FAE04EC0-301F-11D3-BF4B-00C04F79EFBC}") = "AriaHR.Modules.Organization.Domain", "src\Modules\Organization\Domain\AriaHR.Modules.Organization.Domain.csproj", "{29083B2E-74F0-495C-A1C4-52C75C4D9040}"
EndProject
Project("{FAE04EC0-301F-11D3-BF4B-00C04F79EFBC}") = "AriaHR.Modules.Organization.Application", "src\Modules\Organization\Application\AriaHR.Modules.Organization.Application.csproj", "{7DDFD5DE-5B60-44B1-BEBE-5EF79EDBA2DD}"
EndProject
Project("{FAE04EC0-301F-11D3-BF4B-00C04F79EFBC}") = "AriaHR.Modules.Organization.Infrastructure", "src\Modules\Organization\Infrastructure\AriaHR.Modules.Organization.Infrastructure.csproj", "{FA7DDECB-1311-41EB-99AE-48308D7451EF}"
EndProject
Project("{FAE04EC0-301F-11D3-BF4B-00C04F79EFBC}") = "AriaHR.Modules.Organization.API", "src\Modules\Organization\API\AriaHR.Modules.Organization.API.csproj", "{D4E0A299-0780-4F52-80E9-96B03E432349}"
EndProject
Project("{2150E333-8FDC-42A3-9474-1A3956D46DE8}") = "Scheduling", "Scheduling", "{F0F0C51C-F6A5-8ED5-E07B-23BB77F4B418}"
EndProject
Project("{FAE04EC0-301F-11D3-BF4B-00C04F79EFBC}") = "AriaHR.Modules.Scheduling.Domain", "src\Modules\Scheduling\Domain\AriaHR.Modules.Scheduling.Domain.csproj", "{A2BAF156-1527-4ED9-B030-2F5D4D959D87}"
EndProject
Project("{FAE04EC0-301F-11D3-BF4B-00C04F79EFBC}") = "AriaHR.Modules.Scheduling.Application", "src\Modules\Scheduling\Application\AriaHR.Modules.Scheduling.Application.csproj", "{5801AF96-214E-4A54-A564-407FB8AB5E92}"
EndProject
Project("{FAE04EC0-301F-11D3-BF4B-00C04F79EFBC}") = "AriaHR.Modules.Scheduling.Infrastructure", "src\Modules\Scheduling\Infrastructure\AriaHR.Modules.Scheduling.Infrastructure.csproj", "{055C301A-75BD-4C80-BC53-E27CDBE2A7E7}"
EndProject
Project("{FAE04EC0-301F-11D3-BF4B-00C04F79EFBC}") = "AriaHR.Modules.Scheduling.API", "src\Modules\Scheduling\API\AriaHR.Modules.Scheduling.API.csproj", "{9E71D80F-13FA-44A8-A4F5-49317D1EE982}"
EndProject
Project("{2150E333-8FDC-42A3-9474-1A3956D46DE8}") = "Attendance", "Attendance", "{A3EAED29-4CBC-FD78-85FB-369C0DE60D96}"
EndProject
Project("{FAE04EC0-301F-11D3-BF4B-00C04F79EFBC}") = "AriaHR.Modules.Attendance.Domain", "src\Modules\Attendance\Domain\AriaHR.Modules.Attendance.Domain.csproj", "{170332A4-CB69-4CD8-9754-66D7146B3414}"
EndProject
Project("{FAE04EC0-301F-11D3-BF4B-00C04F79EFBC}") = "AriaHR.Modules.Attendance.Application", "src\Modules\Attendance\Application\AriaHR.Modules.Attendance.Application.csproj", "{3DF9A477-3FF5-4005-9FB4-A62C90C3EA18}"
EndProject
Project("{FAE04EC0-301F-11D3-BF4B-00C04F79EFBC}") = "AriaHR.Modules.Attendance.Infrastructure", "src\Modules\Attendance\Infrastructure\AriaHR.Modules.Attendance.Infrastructure.csproj", "{86054585-5911-40B0-8CC9-9BC5C6093849}"
EndProject
Project("{FAE04EC0-301F-11D3-BF4B-00C04F79EFBC}") = "AriaHR.Modules.Attendance.API", "src\Modules\Attendance\API\AriaHR.Modules.Attendance.API.csproj", "{527C99C9-27AE-4796-B9C3-ADDAD74DF3A1}"
EndProject
Project("{2150E333-8FDC-42A3-9474-1A3956D46DE8}") = "Requests", "Requests", "{8D800EA9-60D8-D293-C7AD-070E54539679}"
EndProject
Project("{FAE04EC0-301F-11D3-BF4B-00C04F79EFBC}") = "AriaHR.Modules.Requests.Domain", "src\Modules\Requests\Domain\AriaHR.Modules.Requests.Domain.csproj", "{F2F7E2FB-811A-45F5-B945-80854B05B038}"
EndProject
Project("{FAE04EC0-301F-11D3-BF4B-00C04F79EFBC}") = "AriaHR.Modules.Requests.Application", "src\Modules\Requests\Application\AriaHR.Modules.Requests.Application.csproj", "{4844B205-91C5-4EB0-A0AE-7DD480D903B2}"
EndProject
Project("{FAE04EC0-301F-11D3-BF4B-00C04F79EFBC}") = "AriaHR.Modules.Requests.Infrastructure", "src\Modules\Requests\Infrastructure\AriaHR.Modules.Requests.Infrastructure.csproj", "{B5D289B2-D93C-43B4-8AD0-1F78FC1880E3}"
EndProject
Project("{FAE04EC0-301F-11D3-BF4B-00C04F79EFBC}") = "AriaHR.Modules.Requests.API", "src\Modules\Requests\API\AriaHR.Modules.Requests.API.csproj", "{9C4C85D8-604C-47A1-AC75-BFA96548CA43}"
EndProject
Project("{2150E333-8FDC-42A3-9474-1A3956D46DE8}") = "Notification", "Notification", "{4F8133DB-A301-0A1E-3DDE-929E67CC9B96}"
EndProject
Project("{FAE04EC0-301F-11D3-BF4B-00C04F79EFBC}") = "AriaHR.Modules.Notification.Domain", "src\Modules\Notification\Domain\AriaHR.Modules.Notification.Domain.csproj", "{DECF659A-344B-47F9-A41C-49939FF91409}"
EndProject
Project("{FAE04EC0-301F-11D3-BF4B-00C04F79EFBC}") = "AriaHR.Modules.Notification.Application", "src\Modules\Notification\Application\AriaHR.Modules.Notification.Application.csproj", "{0AB6CEAF-E6BB-4FE3-ABA0-7854EC84E595}"
EndProject
Project("{FAE04EC0-301F-11D3-BF4B-00C04F79EFBC}") = "AriaHR.Modules.Notification.Infrastructure", "src\Modules\Notification\Infrastructure\AriaHR.Modules.Notification.Infrastructure.csproj", "{E3750781-4560-4A00-9BAC-80CCD6E9A796}"
EndProject
Project("{FAE04EC0-301F-11D3-BF4B-00C04F79EFBC}") = "AriaHR.Modules.Notification.API", "src\Modules\Notification\API\AriaHR.Modules.Notification.API.csproj", "{4EB4D6DE-A697-4DE9-8214-DBA79929FE57}"
EndProject
Project("{2150E333-8FDC-42A3-9474-1A3956D46DE8}") = "Reporting", "Reporting", "{738763F7-68AC-12DE-A386-1ED9BDE12CF2}"
EndProject
Project("{FAE04EC0-301F-11D3-BF4B-00C04F79EFBC}") = "AriaHR.Modules.Reporting.Domain", "src\Modules\Reporting\Domain\AriaHR.Modules.Reporting.Domain.csproj", "{8AB413BA-04D1-4DBF-ADD9-B8511D8B0F11}"
EndProject
Project("{FAE04EC0-301F-11D3-BF4B-00C04F79EFBC}") = "AriaHR.Modules.Reporting.Application", "src\Modules\Reporting\Application\AriaHR.Modules.Reporting.Application.csproj", "{EA3B4A97-52A9-41C1-AA71-F16FC2EAA604}"
EndProject
Project("{FAE04EC0-301F-11D3-BF4B-00C04F79EFBC}") = "AriaHR.Modules.Reporting.Infrastructure", "src\Modules\Reporting\Infrastructure\AriaHR.Modules.Reporting.Infrastructure.csproj", "{967836F2-86E7-424B-B73B-77F28B083125}"
EndProject
Project("{FAE04EC0-301F-11D3-BF4B-00C04F79EFBC}") = "AriaHR.Modules.Reporting.API", "src\Modules\Reporting\API\AriaHR.Modules.Reporting.API.csproj", "{1F49F1CF-6B20-494E-BBE9-23F49A5AB9CB}"
EndProject
Project("{2150E333-8FDC-42A3-9474-1A3956D46DE8}") = "Payroll", "Payroll", "{3488E078-08E9-D2F1-35DE-3B5F16F70E16}"
EndProject
Project("{FAE04EC0-301F-11D3-BF4B-00C04F79EFBC}") = "AriaHR.Modules.Payroll.Domain", "src\Modules\Payroll\Domain\AriaHR.Modules.Payroll.Domain.csproj", "{9702193F-50B3-4350-8883-A87228BECFF6}"
EndProject
Project("{FAE04EC0-301F-11D3-BF4B-00C04F79EFBC}") = "AriaHR.Modules.Payroll.Application", "src\Modules\Payroll\Application\AriaHR.Modules.Payroll.Application.csproj", "{DE19E622-2131-4510-8D52-C9E1DA0460AE}"
EndProject
Project("{FAE04EC0-301F-11D3-BF4B-00C04F79EFBC}") = "AriaHR.Modules.Payroll.Infrastructure", "src\Modules\Payroll\Infrastructure\AriaHR.Modules.Payroll.Infrastructure.csproj", "{D8448BAE-C1F0-4D88-99E8-91328F3D53A1}"
EndProject
Project("{FAE04EC0-301F-11D3-BF4B-00C04F79EFBC}") = "AriaHR.Modules.Payroll.API", "src\Modules\Payroll\API\AriaHR.Modules.Payroll.API.csproj", "{BE994496-2097-48C5-8067-D5DA5A444461}"
EndProject
Global
	GlobalSection(SolutionConfigurationPlatforms) = preSolution
		Debug|Any CPU = Debug|Any CPU
		Debug|x64 = Debug|x64
		Debug|x86 = Debug|x86
		Release|Any CPU = Release|Any CPU
		Release|x64 = Release|x64
		Release|x86 = Release|x86
	EndGlobalSection
	GlobalSection(ProjectConfigurationPlatforms) = postSolution
		{35FD5796-3D56-4802-8425-3813A7F75CD3}.Debug|Any CPU.ActiveCfg = Debug|Any CPU
		{35FD5796-3D56-4802-8425-3813A7F75CD3}.Debug|Any CPU.Build.0 = Debug|Any CPU
		{35FD5796-3D56-4802-8425-3813A7F75CD3}.Debug|x64.ActiveCfg = Debug|Any CPU
		{35FD5796-3D56-4802-8425-3813A7F75CD3}.Debug|x64.Build.0 = Debug|Any CPU
		{35FD5796-3D56-4802-8425-3813A7F75CD3}.Debug|x86.ActiveCfg = Debug|Any CPU
		{35FD5796-3D56-4802-8425-3813A7F75CD3}.Debug|x86.Build.0 = Debug|Any CPU
		{35FD5796-3D56-4802-8425-3813A7F75CD3}.Release|Any CPU.ActiveCfg = Release|Any CPU
		{35FD5796-3D56-4802-8425-3813A7F75CD3}.Release|Any CPU.Build.0 = Release|Any CPU
		{35FD5796-3D56-4802-8425-3813A7F75CD3}.Release|x64.ActiveCfg = Release|Any CPU
		{35FD5796-3D56-4802-8425-3813A7F75CD3}.Release|x64.Build.0 = Release|Any CPU
		{35FD5796-3D56-4802-8425-3813A7F75CD3}.Release|x86.ActiveCfg = Release|Any CPU
		{35FD5796-3D56-4802-8425-3813A7F75CD3}.Release|x86.Build.0 = Release|Any CPU
		{49E6C4AD-3AA0-44D7-86B4-33AC49C40786}.Debug|Any CPU.ActiveCfg = Debug|Any CPU
		{49E6C4AD-3AA0-44D7-86B4-33AC49C40786}.Debug|Any CPU.Build.0 = Debug|Any CPU
		{49E6C4AD-3AA0-44D7-86B4-33AC49C40786}.Debug|x64.ActiveCfg = Debug|Any CPU
		{49E6C4AD-3AA0-44D7-86B4-33AC49C40786}.Debug|x64.Build.0 = Debug|Any CPU
		{49E6C4AD-3AA0-44D7-86B4-33AC49C40786}.Debug|x86.ActiveCfg = Debug|Any CPU
		{49E6C4AD-3AA0-44D7-86B4-33AC49C40786}.Debug|x86.Build.0 = Debug|Any CPU
		{49E6C4AD-3AA0-44D7-86B4-33AC49C40786}.Release|Any CPU.ActiveCfg = Release|Any CPU
		{49E6C4AD-3AA0-44D7-86B4-33AC49C40786}.Release|Any CPU.Build.0 = Release|Any CPU
		{49E6C4AD-3AA0-44D7-86B4-33AC49C40786}.Release|x64.ActiveCfg = Release|Any CPU
		{49E6C4AD-3AA0-44D7-86B4-33AC49C40786}.Release|x64.Build.0 = Release|Any CPU
		{49E6C4AD-3AA0-44D7-86B4-33AC49C40786}.Release|x86.ActiveCfg = Release|Any CPU
		{49E6C4AD-3AA0-44D7-86B4-33AC49C40786}.Release|x86.Build.0 = Release|Any CPU
		{22B12E49-9452-44E5-BBA8-B02226062D6A}.Debug|Any CPU.ActiveCfg = Debug|Any CPU
		{22B12E49-9452-44E5-BBA8-B02226062D6A}.Debug|Any CPU.Build.0 = Debug|Any CPU
		{22B12E49-9452-44E5-BBA8-B02226062D6A}.Debug|x64.ActiveCfg = Debug|Any CPU
		{22B12E49-9452-44E5-BBA8-B02226062D6A}.Debug|x64.Build.0 = Debug|Any CPU
		{22B12E49-9452-44E5-BBA8-B02226062D6A}.Debug|x86.ActiveCfg = Debug|Any CPU
		{22B12E49-9452-44E5-BBA8-B02226062D6A}.Debug|x86.Build.0 = Debug|Any CPU
		{22B12E49-9452-44E5-BBA8-B02226062D6A}.Release|Any CPU.ActiveCfg = Release|Any CPU
		{22B12E49-9452-44E5-BBA8-B02226062D6A}.Release|Any CPU.Build.0 = Release|Any CPU
		{22B12E49-9452-44E5-BBA8-B02226062D6A}.Release|x64.ActiveCfg = Release|Any CPU
		{22B12E49-9452-44E5-BBA8-B02226062D6A}.Release|x64.Build.0 = Release|Any CPU
		{22B12E49-9452-44E5-BBA8-B02226062D6A}.Release|x86.ActiveCfg = Release|Any CPU
		{22B12E49-9452-44E5-BBA8-B02226062D6A}.Release|x86.Build.0 = Release|Any CPU
		{628459A1-2870-48EB-8EA6-21E1020B06D5}.Debug|Any CPU.ActiveCfg = Debug|Any CPU
		{628459A1-2870-48EB-8EA6-21E1020B06D5}.Debug|Any CPU.Build.0 = Debug|Any CPU
		{628459A1-2870-48EB-8EA6-21E1020B06D5}.Debug|x64.ActiveCfg = Debug|Any CPU
		{628459A1-2870-48EB-8EA6-21E1020B06D5}.Debug|x64.Build.0 = Debug|Any CPU
		{628459A1-2870-48EB-8EA6-21E1020B06D5}.Debug|x86.ActiveCfg = Debug|Any CPU
		{628459A1-2870-48EB-8EA6-21E1020B06D5}.Debug|x86.Build.0 = Debug|Any CPU
		{628459A1-2870-48EB-8EA6-21E1020B06D5}.Release|Any CPU.ActiveCfg = Release|Any CPU
		{628459A1-2870-48EB-8EA6-21E1020B06D5}.Release|Any CPU.Build.0 = Release|Any CPU
		{628459A1-2870-48EB-8EA6-21E1020B06D5}.Release|x64.ActiveCfg = Release|Any CPU
		{628459A1-2870-48EB-8EA6-21E1020B06D5}.Release|x64.Build.0 = Release|Any CPU
		{628459A1-2870-48EB-8EA6-21E1020B06D5}.Release|x86.ActiveCfg = Release|Any CPU
		{628459A1-2870-48EB-8EA6-21E1020B06D5}.Release|x86.Build.0 = Release|Any CPU
		{0BD00D39-B006-4422-B777-A75E229E3C61}.Debug|Any CPU.ActiveCfg = Debug|Any CPU
		{0BD00D39-B006-4422-B777-A75E229E3C61}.Debug|Any CPU.Build.0 = Debug|Any CPU
		{0BD00D39-B006-4422-B777-A75E229E3C61}.Debug|x64.ActiveCfg = Debug|Any CPU
		{0BD00D39-B006-4422-B777-A75E229E3C61}.Debug|x64.Build.0 = Debug|Any CPU
		{0BD00D39-B006-4422-B777-A75E229E3C61}.Debug|x86.ActiveCfg = Debug|Any CPU
		{0BD00D39-B006-4422-B777-A75E229E3C61}.Debug|x86.Build.0 = Debug|Any CPU
		{0BD00D39-B006-4422-B777-A75E229E3C61}.Release|Any CPU.ActiveCfg = Release|Any CPU
		{0BD00D39-B006-4422-B777-A75E229E3C61}.Release|Any CPU.Build.0 = Release|Any CPU
		{0BD00D39-B006-4422-B777-A75E229E3C61}.Release|x64.ActiveCfg = Release|Any CPU
		{0BD00D39-B006-4422-B777-A75E229E3C61}.Release|x64.Build.0 = Release|Any CPU
		{0BD00D39-B006-4422-B777-A75E229E3C61}.Release|x86.ActiveCfg = Release|Any CPU
		{0BD00D39-B006-4422-B777-A75E229E3C61}.Release|x86.Build.0 = Release|Any CPU
		{877D0DDD-1CC2-4C3A-B00D-72C16D0B9141}.Debug|Any CPU.ActiveCfg = Debug|Any CPU
		{877D0DDD-1CC2-4C3A-B00D-72C16D0B9141}.Debug|Any CPU.Build.0 = Debug|Any CPU
		{877D0DDD-1CC2-4C3A-B00D-72C16D0B9141}.Debug|x64.ActiveCfg = Debug|Any CPU
		{877D0DDD-1CC2-4C3A-B00D-72C16D0B9141}.Debug|x64.Build.0 = Debug|Any CPU
		{877D0DDD-1CC2-4C3A-B00D-72C16D0B9141}.Debug|x86.ActiveCfg = Debug|Any CPU
		{877D0DDD-1CC2-4C3A-B00D-72C16D0B9141}.Debug|x86.Build.0 = Debug|Any CPU
		{877D0DDD-1CC2-4C3A-B00D-72C16D0B9141}.Release|Any CPU.ActiveCfg = Release|Any CPU
		{877D0DDD-1CC2-4C3A-B00D-72C16D0B9141}.Release|Any CPU.Build.0 = Release|Any CPU
		{877D0DDD-1CC2-4C3A-B00D-72C16D0B9141}.Release|x64.ActiveCfg = Release|Any CPU
		{877D0DDD-1CC2-4C3A-B00D-72C16D0B9141}.Release|x64.Build.0 = Release|Any CPU
		{877D0DDD-1CC2-4C3A-B00D-72C16D0B9141}.Release|x86.ActiveCfg = Release|Any CPU
		{877D0DDD-1CC2-4C3A-B00D-72C16D0B9141}.Release|x86.Build.0 = Release|Any CPU
		{29083B2E-74F0-495C-A1C4-52C75C4D9040}.Debug|Any CPU.ActiveCfg = Debug|Any CPU
		{29083B2E-74F0-495C-A1C4-52C75C4D9040}.Debug|Any CPU.Build.0 = Debug|Any CPU
		{29083B2E-74F0-495C-A1C4-52C75C4D9040}.Debug|x64.ActiveCfg = Debug|Any CPU
		{29083B2E-74F0-495C-A1C4-52C75C4D9040}.Debug|x64.Build.0 = Debug|Any CPU
		{29083B2E-74F0-495C-A1C4-52C75C4D9040}.Debug|x86.ActiveCfg = Debug|Any CPU
		{29083B2E-74F0-495C-A1C4-52C75C4D9040}.Debug|x86.Build.0 = Debug|Any CPU
		{29083B2E-74F0-495C-A1C4-52C75C4D9040}.Release|Any CPU.ActiveCfg = Release|Any CPU
		{29083B2E-74F0-495C-A1C4-52C75C4D9040}.Release|Any CPU.Build.0 = Release|Any CPU
		{29083B2E-74F0-495C-A1C4-52C75C4D9040}.Release|x64.ActiveCfg = Release|Any CPU
		{29083B2E-74F0-495C-A1C4-52C75C4D9040}.Release|x64.Build.0 = Release|Any CPU
		{29083B2E-74F0-495C-A1C4-52C75C4D9040}.Release|x86.ActiveCfg = Release|Any CPU
		{29083B2E-74F0-495C-A1C4-52C75C4D9040}.Release|x86.Build.0 = Release|Any CPU
		{7DDFD5DE-5B60-44B1-BEBE-5EF79EDBA2DD}.Debug|Any CPU.ActiveCfg = Debug|Any CPU
		{7DDFD5DE-5B60-44B1-BEBE-5EF79EDBA2DD}.Debug|Any CPU.Build.0 = Debug|Any CPU
		{7DDFD5DE-5B60-44B1-BEBE-5EF79EDBA2DD}.Debug|x64.ActiveCfg = Debug|Any CPU
		{7DDFD5DE-5B60-44B1-BEBE-5EF79EDBA2DD}.Debug|x64.Build.0 = Debug|Any CPU
		{7DDFD5DE-5B60-44B1-BEBE-5EF79EDBA2DD}.Debug|x86.ActiveCfg = Debug|Any CPU
		{7DDFD5DE-5B60-44B1-BEBE-5EF79EDBA2DD}.Debug|x86.Build.0 = Debug|Any CPU
		{7DDFD5DE-5B60-44B1-BEBE-5EF79EDBA2DD}.Release|Any CPU.ActiveCfg = Release|Any CPU
		{7DDFD5DE-5B60-44B1-BEBE-5EF79EDBA2DD}.Release|Any CPU.Build.0 = Release|Any CPU
		{7DDFD5DE-5B60-44B1-BEBE-5EF79EDBA2DD}.Release|x64.ActiveCfg = Release|Any CPU
		{7DDFD5DE-5B60-44B1-BEBE-5EF79EDBA2DD}.Release|x64.Build.0 = Release|Any CPU
		{7DDFD5DE-5B60-44B1-BEBE-5EF79EDBA2DD}.Release|x86.ActiveCfg = Release|Any CPU
		{7DDFD5DE-5B60-44B1-BEBE-5EF79EDBA2DD}.Release|x86.Build.0 = Release|Any CPU
		{FA7DDECB-1311-41EB-99AE-48308D7451EF}.Debug|Any CPU.ActiveCfg = Debug|Any CPU
		{FA7DDECB-1311-41EB-99AE-48308D7451EF}.Debug|Any CPU.Build.0 = Debug|Any CPU
		{FA7DDECB-1311-41EB-99AE-48308D7451EF}.Debug|x64.ActiveCfg = Debug|Any CPU
		{FA7DDECB-1311-41EB-99AE-48308D7451EF}.Debug|x64.Build.0 = Debug|Any CPU
		{FA7DDECB-1311-41EB-99AE-48308D7451EF}.Debug|x86.ActiveCfg = Debug|Any CPU
		{FA7DDECB-1311-41EB-99AE-48308D7451EF}.Debug|x86.Build.0 = Debug|Any CPU
		{FA7DDECB-1311-41EB-99AE-48308D7451EF}.Release|Any CPU.ActiveCfg = Release|Any CPU
		{FA7DDECB-1311-41EB-99AE-48308D7451EF}.Release|Any CPU.Build.0 = Release|Any CPU
		{FA7DDECB-1311-41EB-99AE-48308D7451EF}.Release|x64.ActiveCfg = Release|Any CPU
		{FA7DDECB-1311-41EB-99AE-48308D7451EF}.Release|x64.Build.0 = Release|Any CPU
		{FA7DDECB-1311-41EB-99AE-48308D7451EF}.Release|x86.ActiveCfg = Release|Any CPU
		{FA7DDECB-1311-41EB-99AE-48308D7451EF}.Release|x86.Build.0 = Release|Any CPU
		{D4E0A299-0780-4F52-80E9-96B03E432349}.Debug|Any CPU.ActiveCfg = Debug|Any CPU
		{D4E0A299-0780-4F52-80E9-96B03E432349}.Debug|Any CPU.Build.0 = Debug|Any CPU
		{D4E0A299-0780-4F52-80E9-96B03E432349}.Debug|x64.ActiveCfg = Debug|Any CPU
		{D4E0A299-0780-4F52-80E9-96B03E432349}.Debug|x64.Build.0 = Debug|Any CPU
		{D4E0A299-0780-4F52-80E9-96B03E432349}.Debug|x86.ActiveCfg = Debug|Any CPU
		{D4E0A299-0780-4F52-80E9-96B03E432349}.Debug|x86.Build.0 = Debug|Any CPU
		{D4E0A299-0780-4F52-80E9-96B03E432349}.Release|Any CPU.ActiveCfg = Release|Any CPU
		{D4E0A299-0780-4F52-80E9-96B03E432349}.Release|Any CPU.Build.0 = Release|Any CPU
		{D4E0A299-0780-4F52-80E9-96B03E432349}.Release|x64.ActiveCfg = Release|Any CPU
		{D4E0A299-0780-4F52-80E9-96B03E432349}.Release|x64.Build.0 = Release|Any CPU
		{D4E0A299-0780-4F52-80E9-96B03E432349}.Release|x86.ActiveCfg = Release|Any CPU
		{D4E0A299-0780-4F52-80E9-96B03E432349}.Release|x86.Build.0 = Release|Any CPU
		{A2BAF156-1527-4ED9-B030-2F5D4D959D87}.Debug|Any CPU.ActiveCfg = Debug|Any CPU
		{A2BAF156-1527-4ED9-B030-2F5D4D959D87}.Debug|Any CPU.Build.0 = Debug|Any CPU
		{A2BAF156-1527-4ED9-B030-2F5D4D959D87}.Debug|x64.ActiveCfg = Debug|Any CPU
		{A2BAF156-1527-4ED9-B030-2F5D4D959D87}.Debug|x64.Build.0 = Debug|Any CPU
		{A2BAF156-1527-4ED9-B030-2F5D4D959D87}.Debug|x86.ActiveCfg = Debug|Any CPU
		{A2BAF156-1527-4ED9-B030-2F5D4D959D87}.Debug|x86.Build.0 = Debug|Any CPU
		{A2BAF156-1527-4ED9-B030-2F5D4D959D87}.Release|Any CPU.ActiveCfg = Release|Any CPU
		{A2BAF156-1527-4ED9-B030-2F5D4D959D87}.Release|Any CPU.Build.0 = Release|Any CPU
		{A2BAF156-1527-4ED9-B030-2F5D4D959D87}.Release|x64.ActiveCfg = Release|Any CPU
		{A2BAF156-1527-4ED9-B030-2F5D4D959D87}.Release|x64.Build.0 = Release|Any CPU
		{A2BAF156-1527-4ED9-B030-2F5D4D959D87}.Release|x86.ActiveCfg = Release|Any CPU
		{A2BAF156-1527-4ED9-B030-2F5D4D959D87}.Release|x86.Build.0 = Release|Any CPU
		{5801AF96-214E-4A54-A564-407FB8AB5E92}.Debug|Any CPU.ActiveCfg = Debug|Any CPU
		{5801AF96-214E-4A54-A564-407FB8AB5E92}.Debug|Any CPU.Build.0 = Debug|Any CPU
		{5801AF96-214E-4A54-A564-407FB8AB5E92}.Debug|x64.ActiveCfg = Debug|Any CPU
		{5801AF96-214E-4A54-A564-407FB8AB5E92}.Debug|x64.Build.0 = Debug|Any CPU
		{5801AF96-214E-4A54-A564-407FB8AB5E92}.Debug|x86.ActiveCfg = Debug|Any CPU
		{5801AF96-214E-4A54-A564-407FB8AB5E92}.Debug|x86.Build.0 = Debug|Any CPU
		{5801AF96-214E-4A54-A564-407FB8AB5E92}.Release|Any CPU.ActiveCfg = Release|Any CPU
		{5801AF96-214E-4A54-A564-407FB8AB5E92}.Release|Any CPU.Build.0 = Release|Any CPU
		{5801AF96-214E-4A54-A564-407FB8AB5E92}.Release|x64.ActiveCfg = Release|Any CPU
		{5801AF96-214E-4A54-A564-407FB8AB5E92}.Release|x64.Build.0 = Release|Any CPU
		{5801AF96-214E-4A54-A564-407FB8AB5E92}.Release|x86.ActiveCfg = Release|Any CPU
		{5801AF96-214E-4A54-A564-407FB8AB5E92}.Release|x86.Build.0 = Release|Any CPU
		{055C301A-75BD-4C80-BC53-E27CDBE2A7E7}.Debug|Any CPU.ActiveCfg = Debug|Any CPU
		{055C301A-75BD-4C80-BC53-E27CDBE2A7E7}.Debug|Any CPU.Build.0 = Debug|Any CPU
		{055C301A-75BD-4C80-BC53-E27CDBE2A7E7}.Debug|x64.ActiveCfg = Debug|Any CPU
		{055C301A-75BD-4C80-BC53-E27CDBE2A7E7}.Debug|x64.Build.0 = Debug|Any CPU
		{055C301A-75BD-4C80-BC53-E27CDBE2A7E7}.Debug|x86.ActiveCfg = Debug|Any CPU
		{055C301A-75BD-4C80-BC53-E27CDBE2A7E7}.Debug|x86.Build.0 = Debug|Any CPU
		{055C301A-75BD-4C80-BC53-E27CDBE2A7E7}.Release|Any CPU.ActiveCfg = Release|Any CPU
		{055C301A-75BD-4C80-BC53-E27CDBE2A7E7}.Release|Any CPU.Build.0 = Release|Any CPU
		{055C301A-75BD-4C80-BC53-E27CDBE2A7E7}.Release|x64.ActiveCfg = Release|Any CPU
		{055C301A-75BD-4C80-BC53-E27CDBE2A7E7}.Release|x64.Build.0 = Release|Any CPU
		{055C301A-75BD-4C80-BC53-E27CDBE2A7E7}.Release|x86.ActiveCfg = Release|Any CPU
		{055C301A-75BD-4C80-BC53-E27CDBE2A7E7}.Release|x86.Build.0 = Release|Any CPU
		{9E71D80F-13FA-44A8-A4F5-49317D1EE982}.Debug|Any CPU.ActiveCfg = Debug|Any CPU
		{9E71D80F-13FA-44A8-A4F5-49317D1EE982}.Debug|Any CPU.Build.0 = Debug|Any CPU
		{9E71D80F-13FA-44A8-A4F5-49317D1EE982}.Debug|x64.ActiveCfg = Debug|Any CPU
		{9E71D80F-13FA-44A8-A4F5-49317D1EE982}.Debug|x64.Build.0 = Debug|Any CPU
		{9E71D80F-13FA-44A8-A4F5-49317D1EE982}.Debug|x86.ActiveCfg = Debug|Any CPU
		{9E71D80F-13FA-44A8-A4F5-49317D1EE982}.Debug|x86.Build.0 = Debug|Any CPU
		{9E71D80F-13FA-44A8-A4F5-49317D1EE982}.Release|Any CPU.ActiveCfg = Release|Any CPU
		{9E71D80F-13FA-44A8-A4F5-49317D1EE982}.Release|Any CPU.Build.0 = Release|Any CPU
		{9E71D80F-13FA-44A8-A4F5-49317D1EE982}.Release|x64.ActiveCfg = Release|Any CPU
		{9E71D80F-13FA-44A8-A4F5-49317D1EE982}.Release|x64.Build.0 = Release|Any CPU
		{9E71D80F-13FA-44A8-A4F5-49317D1EE982}.Release|x86.ActiveCfg = Release|Any CPU
		{9E71D80F-13FA-44A8-A4F5-49317D1EE982}.Release|x86.Build.0 = Release|Any CPU
		{170332A4-CB69-4CD8-9754-66D7146B3414}.Debug|Any CPU.ActiveCfg = Debug|Any CPU
		{170332A4-CB69-4CD8-9754-66D7146B3414}.Debug|Any CPU.Build.0 = Debug|Any CPU
		{170332A4-CB69-4CD8-9754-66D7146B3414}.Debug|x64.ActiveCfg = Debug|Any CPU
		{170332A4-CB69-4CD8-9754-66D7146B3414}.Debug|x64.Build.0 = Debug|Any CPU
		{170332A4-CB69-4CD8-9754-66D7146B3414}.Debug|x86.ActiveCfg = Debug|Any CPU
		{170332A4-CB69-4CD8-9754-66D7146B3414}.Debug|x86.Build.0 = Debug|Any CPU
		{170332A4-CB69-4CD8-9754-66D7146B3414}.Release|Any CPU.ActiveCfg = Release|Any CPU
		{170332A4-CB69-4CD8-9754-66D7146B3414}.Release|Any CPU.Build.0 = Release|Any CPU
		{170332A4-CB69-4CD8-9754-66D7146B3414}.Release|x64.ActiveCfg = Release|Any CPU
		{170332A4-CB69-4CD8-9754-66D7146B3414}.Release|x64.Build.0 = Release|Any CPU
		{170332A4-CB69-4CD8-9754-66D7146B3414}.Release|x86.ActiveCfg = Release|Any CPU
		{170332A4-CB69-4CD8-9754-66D7146B3414}.Release|x86.Build.0 = Release|Any CPU
		{3DF9A477-3FF5-4005-9FB4-A62C90C3EA18}.Debug|Any CPU.ActiveCfg = Debug|Any CPU
		{3DF9A477-3FF5-4005-9FB4-A62C90C3EA18}.Debug|Any CPU.Build.0 = Debug|Any CPU
		{3DF9A477-3FF5-4005-9FB4-A62C90C3EA18}.Debug|x64.ActiveCfg = Debug|Any CPU
		{3DF9A477-3FF5-4005-9FB4-A62C90C3EA18}.Debug|x64.Build.0 = Debug|Any CPU
		{3DF9A477-3FF5-4005-9FB4-A62C90C3EA18}.Debug|x86.ActiveCfg = Debug|Any CPU
		{3DF9A477-3FF5-4005-9FB4-A62C90C3EA18}.Debug|x86.Build.0 = Debug|Any CPU
		{3DF9A477-3FF5-4005-9FB4-A62C90C3EA18}.Release|Any CPU.ActiveCfg = Release|Any CPU
		{3DF9A477-3FF5-4005-9FB4-A62C90C3EA18}.Release|Any CPU.Build.0 = Release|Any CPU
		{3DF9A477-3FF5-4005-9FB4-A62C90C3EA18}.Release|x64.ActiveCfg = Release|Any CPU
		{3DF9A477-3FF5-4005-9FB4-A62C90C3EA18}.Release|x64.Build.0 = Release|Any CPU
		{3DF9A477-3FF5-4005-9FB4-A62C90C3EA18}.Release|x86.ActiveCfg = Release|Any CPU
		{3DF9A477-3FF5-4005-9FB4-A62C90C3EA18}.Release|x86.Build.0 = Release|Any CPU
		{86054585-5911-40B0-8CC9-9BC5C6093849}.Debug|Any CPU.ActiveCfg = Debug|Any CPU
		{86054585-5911-40B0-8CC9-9BC5C6093849}.Debug|Any CPU.Build.0 = Debug|Any CPU
		{86054585-5911-40B0-8CC9-9BC5C6093849}.Debug|x64.ActiveCfg = Debug|Any CPU
		{86054585-5911-40B0-8CC9-9BC5C6093849}.Debug|x64.Build.0 = Debug|Any CPU
		{86054585-5911-40B0-8CC9-9BC5C6093849}.Debug|x86.ActiveCfg = Debug|Any CPU
		{86054585-5911-40B0-8CC9-9BC5C6093849}.Debug|x86.Build.0 = Debug|Any CPU
		{86054585-5911-40B0-8CC9-9BC5C6093849}.Release|Any CPU.ActiveCfg = Release|Any CPU
		{86054585-5911-40B0-8CC9-9BC5C6093849}.Release|Any CPU.Build.0 = Release|Any CPU
		{86054585-5911-40B0-8CC9-9BC5C6093849}.Release|x64.ActiveCfg = Release|Any CPU
		{86054585-5911-40B0-8CC9-9BC5C6093849}.Release|x64.Build.0 = Release|Any CPU
		{86054585-5911-40B0-8CC9-9BC5C6093849}.Release|x86.ActiveCfg = Release|Any CPU
		{86054585-5911-40B0-8CC9-9BC5C6093849}.Release|x86.Build.0 = Release|Any CPU
		{527C99C9-27AE-4796-B9C3-ADDAD74DF3A1}.Debug|Any CPU.ActiveCfg = Debug|Any CPU
		{527C99C9-27AE-4796-B9C3-ADDAD74DF3A1}.Debug|Any CPU.Build.0 = Debug|Any CPU
		{527C99C9-27AE-4796-B9C3-ADDAD74DF3A1}.Debug|x64.ActiveCfg = Debug|Any CPU
		{527C99C9-27AE-4796-B9C3-ADDAD74DF3A1}.Debug|x64.Build.0 = Debug|Any CPU
		{527C99C9-27AE-4796-B9C3-ADDAD74DF3A1}.Debug|x86.ActiveCfg = Debug|Any CPU
		{527C99C9-27AE-4796-B9C3-ADDAD74DF3A1}.Debug|x86.Build.0 = Debug|Any CPU
		{527C99C9-27AE-4796-B9C3-ADDAD74DF3A1}.Release|Any CPU.ActiveCfg = Release|Any CPU
		{527C99C9-27AE-4796-B9C3-ADDAD74DF3A1}.Release|Any CPU.Build.0 = Release|Any CPU
		{527C99C9-27AE-4796-B9C3-ADDAD74DF3A1}.Release|x64.ActiveCfg = Release|Any CPU
		{527C99C9-27AE-4796-B9C3-ADDAD74DF3A1}.Release|x64.Build.0 = Release|Any CPU
		{527C99C9-27AE-4796-B9C3-ADDAD74DF3A1}.Release|x86.ActiveCfg = Release|Any CPU
		{527C99C9-27AE-4796-B9C3-ADDAD74DF3A1}.Release|x86.Build.0 = Release|Any CPU
		{F2F7E2FB-811A-45F5-B945-80854B05B038}.Debug|Any CPU.ActiveCfg = Debug|Any CPU
		{F2F7E2FB-811A-45F5-B945-80854B05B038}.Debug|Any CPU.Build.0 = Debug|Any CPU
		{F2F7E2FB-811A-45F5-B945-80854B05B038}.Debug|x64.ActiveCfg = Debug|Any CPU
		{F2F7E2FB-811A-45F5-B945-80854B05B038}.Debug|x64.Build.0 = Debug|Any CPU
		{F2F7E2FB-811A-45F5-B945-80854B05B038}.Debug|x86.ActiveCfg = Debug|Any CPU
		{F2F7E2FB-811A-45F5-B945-80854B05B038}.Debug|x86.Build.0 = Debug|Any CPU
		{F2F7E2FB-811A-45F5-B945-80854B05B038}.Release|Any CPU.ActiveCfg = Release|Any CPU
		{F2F7E2FB-811A-45F5-B945-80854B05B038}.Release|Any CPU.Build.0 = Release|Any CPU
		{F2F7E2FB-811A-45F5-B945-80854B05B038}.Release|x64.ActiveCfg = Release|Any CPU
		{F2F7E2FB-811A-45F5-B945-80854B05B038}.Release|x64.Build.0 = Release|Any CPU
		{F2F7E2FB-811A-45F5-B945-80854B05B038}.Release|x86.ActiveCfg = Release|Any CPU
		{F2F7E2FB-811A-45F5-B945-80854B05B038}.Release|x86.Build.0 = Release|Any CPU
		{4844B205-91C5-4EB0-A0AE-7DD480D903B2}.Debug|Any CPU.ActiveCfg = Debug|Any CPU
		{4844B205-91C5-4EB0-A0AE-7DD480D903B2}.Debug|Any CPU.Build.0 = Debug|Any CPU
		{4844B205-91C5-4EB0-A0AE-7DD480D903B2}.Debug|x64.ActiveCfg = Debug|Any CPU
		{4844B205-91C5-4EB0-A0AE-7DD480D903B2}.Debug|x64.Build.0 = Debug|Any CPU
		{4844B205-91C5-4EB0-A0AE-7DD480D903B2}.Debug|x86.ActiveCfg = Debug|Any CPU
		{4844B205-91C5-4EB0-A0AE-7DD480D903B2}.Debug|x86.Build.0 = Debug|Any CPU
		{4844B205-91C5-4EB0-A0AE-7DD480D903B2}.Release|Any CPU.ActiveCfg = Release|Any CPU
		{4844B205-91C5-4EB0-A0AE-7DD480D903B2}.Release|Any CPU.Build.0 = Release|Any CPU
		{4844B205-91C5-4EB0-A0AE-7DD480D903B2}.Release|x64.ActiveCfg = Release|Any CPU
		{4844B205-91C5-4EB0-A0AE-7DD480D903B2}.Release|x64.Build.0 = Release|Any CPU
		{4844B205-91C5-4EB0-A0AE-7DD480D903B2}.Release|x86.ActiveCfg = Release|Any CPU
		{4844B205-91C5-4EB0-A0AE-7DD480D903B2}.Release|x86.Build.0 = Release|Any CPU
		{B5D289B2-D93C-43B4-8AD0-1F78FC1880E3}.Debug|Any CPU.ActiveCfg = Debug|Any CPU
		{B5D289B2-D93C-43B4-8AD0-1F78FC1880E3}.Debug|Any CPU.Build.0 = Debug|Any CPU
		{B5D289B2-D93C-43B4-8AD0-1F78FC1880E3}.Debug|x64.ActiveCfg = Debug|Any CPU
		{B5D289B2-D93C-43B4-8AD0-1F78FC1880E3}.Debug|x64.Build.0 = Debug|Any CPU
		{B5D289B2-D93C-43B4-8AD0-1F78FC1880E3}.Debug|x86.ActiveCfg = Debug|Any CPU
		{B5D289B2-D93C-43B4-8AD0-1F78FC1880E3}.Debug|x86.Build.0 = Debug|Any CPU
		{B5D289B2-D93C-43B4-8AD0-1F78FC1880E3}.Release|Any CPU.ActiveCfg = Release|Any CPU
		{B5D289B2-D93C-43B4-8AD0-1F78FC1880E3}.Release|Any CPU.Build.0 = Release|Any CPU
		{B5D289B2-D93C-43B4-8AD0-1F78FC1880E3}.Release|x64.ActiveCfg = Release|Any CPU
		{B5D289B2-D93C-43B4-8AD0-1F78FC1880E3}.Release|x64.Build.0 = Release|Any CPU
		{B5D289B2-D93C-43B4-8AD0-1F78FC1880E3}.Release|x86.ActiveCfg = Release|Any CPU
		{B5D289B2-D93C-43B4-8AD0-1F78FC1880E3}.Release|x86.Build.0 = Release|Any CPU
		{9C4C85D8-604C-47A1-AC75-BFA96548CA43}.Debug|Any CPU.ActiveCfg = Debug|Any CPU
		{9C4C85D8-604C-47A1-AC75-BFA96548CA43}.Debug|Any CPU.Build.0 = Debug|Any CPU
		{9C4C85D8-604C-47A1-AC75-BFA96548CA43}.Debug|x64.ActiveCfg = Debug|Any CPU
		{9C4C85D8-604C-47A1-AC75-BFA96548CA43}.Debug|x64.Build.0 = Debug|Any CPU
		{9C4C85D8-604C-47A1-AC75-BFA96548CA43}.Debug|x86.ActiveCfg = Debug|Any CPU
		{9C4C85D8-604C-47A1-AC75-BFA96548CA43}.Debug|x86.Build.0 = Debug|Any CPU
		{9C4C85D8-604C-47A1-AC75-BFA96548CA43}.Release|Any CPU.ActiveCfg = Release|Any CPU
		{9C4C85D8-604C-47A1-AC75-BFA96548CA43}.Release|Any CPU.Build.0 = Release|Any CPU
		{9C4C85D8-604C-47A1-AC75-BFA96548CA43}.Release|x64.ActiveCfg = Release|Any CPU
		{9C4C85D8-604C-47A1-AC75-BFA96548CA43}.Release|x64.Build.0 = Release|Any CPU
		{9C4C85D8-604C-47A1-AC75-BFA96548CA43}.Release|x86.ActiveCfg = Release|Any CPU
		{9C4C85D8-604C-47A1-AC75-BFA96548CA43}.Release|x86.Build.0 = Release|Any CPU
		{DECF659A-344B-47F9-A41C-49939FF91409}.Debug|Any CPU.ActiveCfg = Debug|Any CPU
		{DECF659A-344B-47F9-A41C-49939FF91409}.Debug|Any CPU.Build.0 = Debug|Any CPU
		{DECF659A-344B-47F9-A41C-49939FF91409}.Debug|x64.ActiveCfg = Debug|Any CPU
		{DECF659A-344B-47F9-A41C-49939FF91409}.Debug|x64.Build.0 = Debug|Any CPU
		{DECF659A-344B-47F9-A41C-49939FF91409}.Debug|x86.ActiveCfg = Debug|Any CPU
		{DECF659A-344B-47F9-A41C-49939FF91409}.Debug|x86.Build.0 = Debug|Any CPU
		{DECF659A-344B-47F9-A41C-49939FF91409}.Release|Any CPU.ActiveCfg = Release|Any CPU
		{DECF659A-344B-47F9-A41C-49939FF91409}.Release|Any CPU.Build.0 = Release|Any CPU
		{DECF659A-344B-47F9-A41C-49939FF91409}.Release|x64.ActiveCfg = Release|Any CPU
		{DECF659A-344B-47F9-A41C-49939FF91409}.Release|x64.Build.0 = Release|Any CPU
		{DECF659A-344B-47F9-A41C-49939FF91409}.Release|x86.ActiveCfg = Release|Any CPU
		{DECF659A-344B-47F9-A41C-49939FF91409}.Release|x86.Build.0 = Release|Any CPU
		{0AB6CEAF-E6BB-4FE3-ABA0-7854EC84E595}.Debug|Any CPU.ActiveCfg = Debug|Any CPU
		{0AB6CEAF-E6BB-4FE3-ABA0-7854EC84E595}.Debug|Any CPU.Build.0 = Debug|Any CPU
		{0AB6CEAF-E6BB-4FE3-ABA0-7854EC84E595}.Debug|x64.ActiveCfg = Debug|Any CPU
		{0AB6CEAF-E6BB-4FE3-ABA0-7854EC84E595}.Debug|x64.Build.0 = Debug|Any CPU
		{0AB6CEAF-E6BB-4FE3-ABA0-7854EC84E595}.Debug|x86.ActiveCfg = Debug|Any CPU
		{0AB6CEAF-E6BB-4FE3-ABA0-7854EC84E595}.Debug|x86.Build.0 = Debug|Any CPU
		{0AB6CEAF-E6BB-4FE3-ABA0-7854EC84E595}.Release|Any CPU.ActiveCfg = Release|Any CPU
		{0AB6CEAF-E6BB-4FE3-ABA0-7854EC84E595}.Release|Any CPU.Build.0 = Release|Any CPU
		{0AB6CEAF-E6BB-4FE3-ABA0-7854EC84E595}.Release|x64.ActiveCfg = Release|Any CPU
		{0AB6CEAF-E6BB-4FE3-ABA0-7854EC84E595}.Release|x64.Build.0 = Release|Any CPU
		{0AB6CEAF-E6BB-4FE3-ABA0-7854EC84E595}.Release|x86.ActiveCfg = Release|Any CPU
		{0AB6CEAF-E6BB-4FE3-ABA0-7854EC84E595}.Release|x86.Build.0 = Release|Any CPU
		{E3750781-4560-4A00-9BAC-80CCD6E9A796}.Debug|Any CPU.ActiveCfg = Debug|Any CPU
		{E3750781-4560-4A00-9BAC-80CCD6E9A796}.Debug|Any CPU.Build.0 = Debug|Any CPU
		{E3750781-4560-4A00-9BAC-80CCD6E9A796}.Debug|x64.ActiveCfg = Debug|Any CPU
		{E3750781-4560-4A00-9BAC-80CCD6E9A796}.Debug|x64.Build.0 = Debug|Any CPU
		{E3750781-4560-4A00-9BAC-80CCD6E9A796}.Debug|x86.ActiveCfg = Debug|Any CPU
		{E3750781-4560-4A00-9BAC-80CCD6E9A796}.Debug|x86.Build.0 = Debug|Any CPU
		{E3750781-4560-4A00-9BAC-80CCD6E9A796}.Release|Any CPU.ActiveCfg = Release|Any CPU
		{E3750781-4560-4A00-9BAC-80CCD6E9A796}.Release|Any CPU.Build.0 = Release|Any CPU
		{E3750781-4560-4A00-9BAC-80CCD6E9A796}.Release|x64.ActiveCfg = Release|Any CPU
		{E3750781-4560-4A00-9BAC-80CCD6E9A796}.Release|x64.Build.0 = Release|Any CPU
		{E3750781-4560-4A00-9BAC-80CCD6E9A796}.Release|x86.ActiveCfg = Release|Any CPU
		{E3750781-4560-4A00-9BAC-80CCD6E9A796}.Release|x86.Build.0 = Release|Any CPU
		{4EB4D6DE-A697-4DE9-8214-DBA79929FE57}.Debug|Any CPU.ActiveCfg = Debug|Any CPU
		{4EB4D6DE-A697-4DE9-8214-DBA79929FE57}.Debug|Any CPU.Build.0 = Debug|Any CPU
		{4EB4D6DE-A697-4DE9-8214-DBA79929FE57}.Debug|x64.ActiveCfg = Debug|Any CPU
		{4EB4D6DE-A697-4DE9-8214-DBA79929FE57}.Debug|x64.Build.0 = Debug|Any CPU
		{4EB4D6DE-A697-4DE9-8214-DBA79929FE57}.Debug|x86.ActiveCfg = Debug|Any CPU
		{4EB4D6DE-A697-4DE9-8214-DBA79929FE57}.Debug|x86.Build.0 = Debug|Any CPU
		{4EB4D6DE-A697-4DE9-8214-DBA79929FE57}.Release|Any CPU.ActiveCfg = Release|Any CPU
		{4EB4D6DE-A697-4DE9-8214-DBA79929FE57}.Release|Any CPU.Build.0 = Release|Any CPU
		{4EB4D6DE-A697-4DE9-8214-DBA79929FE57}.Release|x64.ActiveCfg = Release|Any CPU
		{4EB4D6DE-A697-4DE9-8214-DBA79929FE57}.Release|x64.Build.0 = Release|Any CPU
		{4EB4D6DE-A697-4DE9-8214-DBA79929FE57}.Release|x86.ActiveCfg = Release|Any CPU
		{4EB4D6DE-A697-4DE9-8214-DBA79929FE57}.Release|x86.Build.0 = Release|Any CPU
		{8AB413BA-04D1-4DBF-ADD9-B8511D8B0F11}.Debug|Any CPU.ActiveCfg = Debug|Any CPU
		{8AB413BA-04D1-4DBF-ADD9-B8511D8B0F11}.Debug|Any CPU.Build.0 = Debug|Any CPU
		{8AB413BA-04D1-4DBF-ADD9-B8511D8B0F11}.Debug|x64.ActiveCfg = Debug|Any CPU
		{8AB413BA-04D1-4DBF-ADD9-B8511D8B0F11}.Debug|x64.Build.0 = Debug|Any CPU
		{8AB413BA-04D1-4DBF-ADD9-B8511D8B0F11}.Debug|x86.ActiveCfg = Debug|Any CPU
		{8AB413BA-04D1-4DBF-ADD9-B8511D8B0F11}.Debug|x86.Build.0 = Debug|Any CPU
		{8AB413BA-04D1-4DBF-ADD9-B8511D8B0F11}.Release|Any CPU.ActiveCfg = Release|Any CPU
		{8AB413BA-04D1-4DBF-ADD9-B8511D8B0F11}.Release|Any CPU.Build.0 = Release|Any CPU
		{8AB413BA-04D1-4DBF-ADD9-B8511D8B0F11}.Release|x64.ActiveCfg = Release|Any CPU
		{8AB413BA-04D1-4DBF-ADD9-B8511D8B0F11}.Release|x64.Build.0 = Release|Any CPU
		{8AB413BA-04D1-4DBF-ADD9-B8511D8B0F11}.Release|x86.ActiveCfg = Release|Any CPU
		{8AB413BA-04D1-4DBF-ADD9-B8511D8B0F11}.Release|x86.Build.0 = Release|Any CPU
		{EA3B4A97-52A9-41C1-AA71-F16FC2EAA604}.Debug|Any CPU.ActiveCfg = Debug|Any CPU
		{EA3B4A97-52A9-41C1-AA71-F16FC2EAA604}.Debug|Any CPU.Build.0 = Debug|Any CPU
		{EA3B4A97-52A9-41C1-AA71-F16FC2EAA604}.Debug|x64.ActiveCfg = Debug|Any CPU
		{EA3B4A97-52A9-41C1-AA71-F16FC2EAA604}.Debug|x64.Build.0 = Debug|Any CPU
		{EA3B4A97-52A9-41C1-AA71-F16FC2EAA604}.Debug|x86.ActiveCfg = Debug|Any CPU
		{EA3B4A97-52A9-41C1-AA71-F16FC2EAA604}.Debug|x86.Build.0 = Debug|Any CPU
		{EA3B4A97-52A9-41C1-AA71-F16FC2EAA604}.Release|Any CPU.ActiveCfg = Release|Any CPU
		{EA3B4A97-52A9-41C1-AA71-F16FC2EAA604}.Release|Any CPU.Build.0 = Release|Any CPU
		{EA3B4A97-52A9-41C1-AA71-F16FC2EAA604}.Release|x64.ActiveCfg = Release|Any CPU
		{EA3B4A97-52A9-41C1-AA71-F16FC2EAA604}.Release|x64.Build.0 = Release|Any CPU
		{EA3B4A97-52A9-41C1-AA71-F16FC2EAA604}.Release|x86.ActiveCfg = Release|Any CPU
		{EA3B4A97-52A9-41C1-AA71-F16FC2EAA604}.Release|x86.Build.0 = Release|Any CPU
		{967836F2-86E7-424B-B73B-77F28B083125}.Debug|Any CPU.ActiveCfg = Debug|Any CPU
		{967836F2-86E7-424B-B73B-77F28B083125}.Debug|Any CPU.Build.0 = Debug|Any CPU
		{967836F2-86E7-424B-B73B-77F28B083125}.Debug|x64.ActiveCfg = Debug|Any CPU
		{967836F2-86E7-424B-B73B-77F28B083125}.Debug|x64.Build.0 = Debug|Any CPU
		{967836F2-86E7-424B-B73B-77F28B083125}.Debug|x86.ActiveCfg = Debug|Any CPU
		{967836F2-86E7-424B-B73B-77F28B083125}.Debug|x86.Build.0 = Debug|Any CPU
		{967836F2-86E7-424B-B73B-77F28B083125}.Release|Any CPU.ActiveCfg = Release|Any CPU
		{967836F2-86E7-424B-B73B-77F28B083125}.Release|Any CPU.Build.0 = Release|Any CPU
		{967836F2-86E7-424B-B73B-77F28B083125}.Release|x64.ActiveCfg = Release|Any CPU
		{967836F2-86E7-424B-B73B-77F28B083125}.Release|x64.Build.0 = Release|Any CPU
		{967836F2-86E7-424B-B73B-77F28B083125}.Release|x86.ActiveCfg = Release|Any CPU
		{967836F2-86E7-424B-B73B-77F28B083125}.Release|x86.Build.0 = Release|Any CPU
		{1F49F1CF-6B20-494E-BBE9-23F49A5AB9CB}.Debug|Any CPU.ActiveCfg = Debug|Any CPU
		{1F49F1CF-6B20-494E-BBE9-23F49A5AB9CB}.Debug|Any CPU.Build.0 = Debug|Any CPU
		{1F49F1CF-6B20-494E-BBE9-23F49A5AB9CB}.Debug|x64.ActiveCfg = Debug|Any CPU
		{1F49F1CF-6B20-494E-BBE9-23F49A5AB9CB}.Debug|x64.Build.0 = Debug|Any CPU
		{1F49F1CF-6B20-494E-BBE9-23F49A5AB9CB}.Debug|x86.ActiveCfg = Debug|Any CPU
		{1F49F1CF-6B20-494E-BBE9-23F49A5AB9CB}.Debug|x86.Build.0 = Debug|Any CPU
		{1F49F1CF-6B20-494E-BBE9-23F49A5AB9CB}.Release|Any CPU.ActiveCfg = Release|Any CPU
		{1F49F1CF-6B20-494E-BBE9-23F49A5AB9CB}.Release|Any CPU.Build.0 = Release|Any CPU
		{1F49F1CF-6B20-494E-BBE9-23F49A5AB9CB}.Release|x64.ActiveCfg = Release|Any CPU
		{1F49F1CF-6B20-494E-BBE9-23F49A5AB9CB}.Release|x64.Build.0 = Release|Any CPU
		{1F49F1CF-6B20-494E-BBE9-23F49A5AB9CB}.Release|x86.ActiveCfg = Release|Any CPU
		{1F49F1CF-6B20-494E-BBE9-23F49A5AB9CB}.Release|x86.Build.0 = Release|Any CPU
		{9702193F-50B3-4350-8883-A87228BECFF6}.Debug|Any CPU.ActiveCfg = Debug|Any CPU
		{9702193F-50B3-4350-8883-A87228BECFF6}.Debug|Any CPU.Build.0 = Debug|Any CPU
		{9702193F-50B3-4350-8883-A87228BECFF6}.Debug|x64.ActiveCfg = Debug|Any CPU
		{9702193F-50B3-4350-8883-A87228BECFF6}.Debug|x64.Build.0 = Debug|Any CPU
		{9702193F-50B3-4350-8883-A87228BECFF6}.Debug|x86.ActiveCfg = Debug|Any CPU
		{9702193F-50B3-4350-8883-A87228BECFF6}.Debug|x86.Build.0 = Debug|Any CPU
		{9702193F-50B3-4350-8883-A87228BECFF6}.Release|Any CPU.ActiveCfg = Release|Any CPU
		{9702193F-50B3-4350-8883-A87228BECFF6}.Release|Any CPU.Build.0 = Release|Any CPU
		{9702193F-50B3-4350-8883-A87228BECFF6}.Release|x64.ActiveCfg = Release|Any CPU
		{9702193F-50B3-4350-8883-A87228BECFF6}.Release|x64.Build.0 = Release|Any CPU
		{9702193F-50B3-4350-8883-A87228BECFF6}.Release|x86.ActiveCfg = Release|Any CPU
		{9702193F-50B3-4350-8883-A87228BECFF6}.Release|x86.Build.0 = Release|Any CPU
		{DE19E622-2131-4510-8D52-C9E1DA0460AE}.Debug|Any CPU.ActiveCfg = Debug|Any CPU
		{DE19E622-2131-4510-8D52-C9E1DA0460AE}.Debug|Any CPU.Build.0 = Debug|Any CPU
		{DE19E622-2131-4510-8D52-C9E1DA0460AE}.Debug|x64.ActiveCfg = Debug|Any CPU
		{DE19E622-2131-4510-8D52-C9E1DA0460AE}.Debug|x64.Build.0 = Debug|Any CPU
		{DE19E622-2131-4510-8D52-C9E1DA0460AE}.Debug|x86.ActiveCfg = Debug|Any CPU
		{DE19E622-2131-4510-8D52-C9E1DA0460AE}.Debug|x86.Build.0 = Debug|Any CPU
		{DE19E622-2131-4510-8D52-C9E1DA0460AE}.Release|Any CPU.ActiveCfg = Release|Any CPU
		{DE19E622-2131-4510-8D52-C9E1DA0460AE}.Release|Any CPU.Build.0 = Release|Any CPU
		{DE19E622-2131-4510-8D52-C9E1DA0460AE}.Release|x64.ActiveCfg = Release|Any CPU
		{DE19E622-2131-4510-8D52-C9E1DA0460AE}.Release|x64.Build.0 = Release|Any CPU
		{DE19E622-2131-4510-8D52-C9E1DA0460AE}.Release|x86.ActiveCfg = Release|Any CPU
		{DE19E622-2131-4510-8D52-C9E1DA0460AE}.Release|x86.Build.0 = Release|Any CPU
		{D8448BAE-C1F0-4D88-99E8-91328F3D53A1}.Debug|Any CPU.ActiveCfg = Debug|Any CPU
		{D8448BAE-C1F0-4D88-99E8-91328F3D53A1}.Debug|Any CPU.Build.0 = Debug|Any CPU
		{D8448BAE-C1F0-4D88-99E8-91328F3D53A1}.Debug|x64.ActiveCfg = Debug|Any CPU
		{D8448BAE-C1F0-4D88-99E8-91328F3D53A1}.Debug|x64.Build.0 = Debug|Any CPU
		{D8448BAE-C1F0-4D88-99E8-91328F3D53A1}.Debug|x86.ActiveCfg = Debug|Any CPU
		{D8448BAE-C1F0-4D88-99E8-91328F3D53A1}.Debug|x86.Build.0 = Debug|Any CPU
		{D8448BAE-C1F0-4D88-99E8-91328F3D53A1}.Release|Any CPU.ActiveCfg = Release|Any CPU
		{D8448BAE-C1F0-4D88-99E8-91328F3D53A1}.Release|Any CPU.Build.0 = Release|Any CPU
		{D8448BAE-C1F0-4D88-99E8-91328F3D53A1}.Release|x64.ActiveCfg = Release|Any CPU
		{D8448BAE-C1F0-4D88-99E8-91328F3D53A1}.Release|x64.Build.0 = Release|Any CPU
		{D8448BAE-C1F0-4D88-99E8-91328F3D53A1}.Release|x86.ActiveCfg = Release|Any CPU
		{D8448BAE-C1F0-4D88-99E8-91328F3D53A1}.Release|x86.Build.0 = Release|Any CPU
		{BE994496-2097-48C5-8067-D5DA5A444461}.Debug|Any CPU.ActiveCfg = Debug|Any CPU
		{BE994496-2097-48C5-8067-D5DA5A444461}.Debug|Any CPU.Build.0 = Debug|Any CPU
		{BE994496-2097-48C5-8067-D5DA5A444461}.Debug|x64.ActiveCfg = Debug|Any CPU
		{BE994496-2097-48C5-8067-D5DA5A444461}.Debug|x64.Build.0 = Debug|Any CPU
		{BE994496-2097-48C5-8067-D5DA5A444461}.Debug|x86.ActiveCfg = Debug|Any CPU
		{BE994496-2097-48C5-8067-D5DA5A444461}.Debug|x86.Build.0 = Debug|Any CPU
		{BE994496-2097-48C5-8067-D5DA5A444461}.Release|Any CPU.ActiveCfg = Release|Any CPU
		{BE994496-2097-48C5-8067-D5DA5A444461}.Release|Any CPU.Build.0 = Release|Any CPU
		{BE994496-2097-48C5-8067-D5DA5A444461}.Release|x64.ActiveCfg = Release|Any CPU
		{BE994496-2097-48C5-8067-D5DA5A444461}.Release|x64.Build.0 = Release|Any CPU
		{BE994496-2097-48C5-8067-D5DA5A444461}.Release|x86.ActiveCfg = Release|Any CPU
		{BE994496-2097-48C5-8067-D5DA5A444461}.Release|x86.Build.0 = Release|Any CPU
	EndGlobalSection
	GlobalSection(SolutionProperties) = preSolution
		HideSolutionNode = FALSE
	EndGlobalSection
	GlobalSection(NestedProjects) = preSolution
		{35FD5796-3D56-4802-8425-3813A7F75CD3} = {827E0CD3-B72D-47B6-A68D-7590B98EB39B}
		{C8E42992-5E42-0C2B-DBFE-AA848D06431C} = {827E0CD3-B72D-47B6-A68D-7590B98EB39B}
		{49E6C4AD-3AA0-44D7-86B4-33AC49C40786} = {C8E42992-5E42-0C2B-DBFE-AA848D06431C}
		{EC447DCF-ABFA-6E24-52A5-D7FD48A5C558} = {827E0CD3-B72D-47B6-A68D-7590B98EB39B}
		{0EC62A1A-9858-3A60-8A0C-FC9AACFA2EC7} = {EC447DCF-ABFA-6E24-52A5-D7FD48A5C558}
		{22B12E49-9452-44E5-BBA8-B02226062D6A} = {0EC62A1A-9858-3A60-8A0C-FC9AACFA2EC7}
		{628459A1-2870-48EB-8EA6-21E1020B06D5} = {0EC62A1A-9858-3A60-8A0C-FC9AACFA2EC7}
		{0BD00D39-B006-4422-B777-A75E229E3C61} = {0EC62A1A-9858-3A60-8A0C-FC9AACFA2EC7}
		{877D0DDD-1CC2-4C3A-B00D-72C16D0B9141} = {0EC62A1A-9858-3A60-8A0C-FC9AACFA2EC7}
		{DA0BA8AC-146F-3151-8AAB-4B1C3358FD7A} = {EC447DCF-ABFA-6E24-52A5-D7FD48A5C558}
		{29083B2E-74F0-495C-A1C4-52C75C4D9040} = {DA0BA8AC-146F-3151-8AAB-4B1C3358FD7A}
		{7DDFD5DE-5B60-44B1-BEBE-5EF79EDBA2DD} = {DA0BA8AC-146F-3151-8AAB-4B1C3358FD7A}
		{FA7DDECB-1311-41EB-99AE-48308D7451EF} = {DA0BA8AC-146F-3151-8AAB-4B1C3358FD7A}
		{D4E0A299-0780-4F52-80E9-96B03E432349} = {DA0BA8AC-146F-3151-8AAB-4B1C3358FD7A}
		{F0F0C51C-F6A5-8ED5-E07B-23BB77F4B418} = {EC447DCF-ABFA-6E24-52A5-D7FD48A5C558}
		{A2BAF156-1527-4ED9-B030-2F5D4D959D87} = {F0F0C51C-F6A5-8ED5-E07B-23BB77F4B418}
		{5801AF96-214E-4A54-A564-407FB8AB5E92} = {F0F0C51C-F6A5-8ED5-E07B-23BB77F4B418}
		{055C301A-75BD-4C80-BC53-E27CDBE2A7E7} = {F0F0C51C-F6A5-8ED5-E07B-23BB77F4B418}
		{9E71D80F-13FA-44A8-A4F5-49317D1EE982} = {F0F0C51C-F6A5-8ED5-E07B-23BB77F4B418}
		{A3EAED29-4CBC-FD78-85FB-369C0DE60D96} = {EC447DCF-ABFA-6E24-52A5-D7FD48A5C558}
		{170332A4-CB69-4CD8-9754-66D7146B3414} = {A3EAED29-4CBC-FD78-85FB-369C0DE60D96}
		{3DF9A477-3FF5-4005-9FB4-A62C90C3EA18} = {A3EAED29-4CBC-FD78-85FB-369C0DE60D96}
		{86054585-5911-40B0-8CC9-9BC5C6093849} = {A3EAED29-4CBC-FD78-85FB-369C0DE60D96}
		{527C99C9-27AE-4796-B9C3-ADDAD74DF3A1} = {A3EAED29-4CBC-FD78-85FB-369C0DE60D96}
		{8D800EA9-60D8-D293-C7AD-070E54539679} = {EC447DCF-ABFA-6E24-52A5-D7FD48A5C558}
		{F2F7E2FB-811A-45F5-B945-80854B05B038} = {8D800EA9-60D8-D293-C7AD-070E54539679}
		{4844B205-91C5-4EB0-A0AE-7DD480D903B2} = {8D800EA9-60D8-D293-C7AD-070E54539679}
		{B5D289B2-D93C-43B4-8AD0-1F78FC1880E3} = {8D800EA9-60D8-D293-C7AD-070E54539679}
		{9C4C85D8-604C-47A1-AC75-BFA96548CA43} = {8D800EA9-60D8-D293-C7AD-070E54539679}
		{4F8133DB-A301-0A1E-3DDE-929E67CC9B96} = {EC447DCF-ABFA-6E24-52A5-D7FD48A5C558}
		{DECF659A-344B-47F9-A41C-49939FF91409} = {4F8133DB-A301-0A1E-3DDE-929E67CC9B96}
		{0AB6CEAF-E6BB-4FE3-ABA0-7854EC84E595} = {4F8133DB-A301-0A1E-3DDE-929E67CC9B96}
		{E3750781-4560-4A00-9BAC-80CCD6E9A796} = {4F8133DB-A301-0A1E-3DDE-929E67CC9B96}
		{4EB4D6DE-A697-4DE9-8214-DBA79929FE57} = {4F8133DB-A301-0A1E-3DDE-929E67CC9B96}
		{738763F7-68AC-12DE-A386-1ED9BDE12CF2} = {EC447DCF-ABFA-6E24-52A5-D7FD48A5C558}
		{8AB413BA-04D1-4DBF-ADD9-B8511D8B0F11} = {738763F7-68AC-12DE-A386-1ED9BDE12CF2}
		{EA3B4A97-52A9-41C1-AA71-F16FC2EAA604} = {738763F7-68AC-12DE-A386-1ED9BDE12CF2}
		{967836F2-86E7-424B-B73B-77F28B083125} = {738763F7-68AC-12DE-A386-1ED9BDE12CF2}
		{1F49F1CF-6B20-494E-BBE9-23F49A5AB9CB} = {738763F7-68AC-12DE-A386-1ED9BDE12CF2}
		{3488E078-08E9-D2F1-35DE-3B5F16F70E16} = {EC447DCF-ABFA-6E24-52A5-D7FD48A5C558}
		{9702193F-50B3-4350-8883-A87228BECFF6} = {3488E078-08E9-D2F1-35DE-3B5F16F70E16}
		{DE19E622-2131-4510-8D52-C9E1DA0460AE} = {3488E078-08E9-D2F1-35DE-3B5F16F70E16}
		{D8448BAE-C1F0-4D88-99E8-91328F3D53A1} = {3488E078-08E9-D2F1-35DE-3B5F16F70E16}
		{BE994496-2097-48C5-8067-D5DA5A444461} = {3488E078-08E9-D2F1-35DE-3B5F16F70E16}
	EndGlobalSection
EndGlobal
